// !$*UTF8*$!
{
	archiveVersion = 1;
	classes = {
	};
	objectVersion = 46;
	objects = {

/* Begin PBXBuildFile section */
		5B4B1C28182DB77900129790 /* Foundation.framework in Frameworks */ = {isa = PBXBuildFile; fileRef = 5B4B1C27182DB77900129790 /* Foundation.framework */; };
		5B4B1C2A182DB77900129790 /* CoreGraphics.framework in Frameworks */ = {isa = PBXBuildFile; fileRef = 5B4B1C29182DB77900129790 /* CoreGraphics.framework */; };
		5B4B1C2C182DB77900129790 /* UIKit.framework in Frameworks */ = {isa = PBXBuildFile; fileRef = 5B4B1C2B182DB77900129790 /* UIKit.framework */; };
		5B4B1C32182DB77900129790 /* InfoPlist.strings in Resources */ = {isa = PBXBuildFile; fileRef = 5B4B1C30182DB77900129790 /* InfoPlist.strings */; };
		5B4B1C34182DB77900129790 /* main.m in Sources */ = {isa = PBXBuildFile; fileRef = 5B4B1C33182DB77900129790 /* main.m */; };
		5B4B1C38182DB77900129790 /* AppDelegate.m in Sources */ = {isa = PBXBuildFile; fileRef = 5B4B1C37182DB77900129790 /* AppDelegate.m */; };
		5B4B1C3A182DB77900129790 /* Images.xcassets in Resources */ = {isa = PBXBuildFile; fileRef = 5B4B1C39182DB77900129790 /* Images.xcassets */; };
		5B4B1C41182DB77900129790 /* XCTest.framework in Frameworks */ = {isa = PBXBuildFile; fileRef = 5B4B1C40182DB77900129790 /* XCTest.framework */; };
		5B4B1C42182DB77900129790 /* Foundation.framework in Frameworks */ = {isa = PBXBuildFile; fileRef = 5B4B1C27182DB77900129790 /* Foundation.framework */; };
		5B4B1C43182DB77900129790 /* UIKit.framework in Frameworks */ = {isa = PBXBuildFile; fileRef = 5B4B1C2B182DB77900129790 /* UIKit.framework */; };
		5B4B1C4B182DB77900129790 /* InfoPlist.strings in Resources */ = {isa = PBXBuildFile; fileRef = 5B4B1C49182DB77900129790 /* InfoPlist.strings */; };
		5B4B1C4D182DB77900129790 /* yHackTests.m in Sources */ = {isa = PBXBuildFile; fileRef = 5B4B1C4C182DB77900129790 /* yHackTests.m */; };
		5B518FCD182DBEF100D82D21 /* Game.m in Sources */ = {isa = PBXBuildFile; fileRef = 5B518FCC182DBEF100D82D21 /* Game.m */; };
		5B518FCF182DC2D000D82D21 /* Storyboard.storyboard in Resources */ = {isa = PBXBuildFile; fileRef = 5B518FCE182DC2D000D82D21 /* Storyboard.storyboard */; };
		5B518FDC182DCB6200D82D21 /* Cell.m in Sources */ = {isa = PBXBuildFile; fileRef = 5B518FDB182DCB6200D82D21 /* Cell.m */; };
		5BE4C540182DEE3D00676742 /* glyphicons_011_camera.png in Resources */ = {isa = PBXBuildFile; fileRef = 5BE4C53F182DEE3D00676742 /* glyphicons_011_camera.png */; };
		5BE4C544182DF78200676742 /* BoardViewController.m in Sources */ = {isa = PBXBuildFile; fileRef = 5BE4C543182DF78200676742 /* BoardViewController.m */; };
		5BE4C547182E0ECD00676742 /* CellViewController.m in Sources */ = {isa = PBXBuildFile; fileRef = 5BE4C546182E0ECD00676742 /* CellViewController.m */; };
		BF78A0A1182DC1B9000FDEFF /* Photo.m in Sources */ = {isa = PBXBuildFile; fileRef = BF78A0A0182DC1B9000FDEFF /* Photo.m */; };
/* End PBXBuildFile section */

/* Begin PBXContainerItemProxy section */
		5B4B1C44182DB77900129790 /* PBXContainerItemProxy */ = {
			isa = PBXContainerItemProxy;
			containerPortal = 5B4B1C1C182DB77900129790 /* Project object */;
			proxyType = 1;
			remoteGlobalIDString = 5B4B1C23182DB77900129790;
			remoteInfo = yHack;
		};
/* End PBXContainerItemProxy section */

/* Begin PBXFileReference section */
		5B4B1C24182DB77900129790 /* yHack.app */ = {isa = PBXFileReference; explicitFileType = wrapper.application; includeInIndex = 0; path = yHack.app; sourceTree = BUILT_PRODUCTS_DIR; };
		5B4B1C27182DB77900129790 /* Foundation.framework */ = {isa = PBXFileReference; lastKnownFileType = wrapper.framework; name = Foundation.framework; path = System/Library/Frameworks/Foundation.framework; sourceTree = SDKROOT; };
		5B4B1C29182DB77900129790 /* CoreGraphics.framework */ = {isa = PBXFileReference; lastKnownFileType = wrapper.framework; name = CoreGraphics.framework; path = System/Library/Frameworks/CoreGraphics.framework; sourceTree = SDKROOT; };
		5B4B1C2B182DB77900129790 /* UIKit.framework */ = {isa = PBXFileReference; lastKnownFileType = wrapper.framework; name = UIKit.framework; path = System/Library/Frameworks/UIKit.framework; sourceTree = SDKROOT; };
		5B4B1C2F182DB77900129790 /* yHack-Info.plist */ = {isa = PBXFileReference; lastKnownFileType = text.plist.xml; path = "yHack-Info.plist"; sourceTree = "<group>"; };
		5B4B1C31182DB77900129790 /* en */ = {isa = PBXFileReference; lastKnownFileType = text.plist.strings; name = en; path = en.lproj/InfoPlist.strings; sourceTree = "<group>"; };
		5B4B1C33182DB77900129790 /* main.m */ = {isa = PBXFileReference; lastKnownFileType = sourcecode.c.objc; path = main.m; sourceTree = "<group>"; };
		5B4B1C35182DB77900129790 /* yHack-Prefix.pch */ = {isa = PBXFileReference; lastKnownFileType = sourcecode.c.h; path = "yHack-Prefix.pch"; sourceTree = "<group>"; };
		5B4B1C36182DB77900129790 /* AppDelegate.h */ = {isa = PBXFileReference; lastKnownFileType = sourcecode.c.h; path = AppDelegate.h; sourceTree = "<group>"; };
		5B4B1C37182DB77900129790 /* AppDelegate.m */ = {isa = PBXFileReference; lastKnownFileType = sourcecode.c.objc; path = AppDelegate.m; sourceTree = "<group>"; };
		5B4B1C39182DB77900129790 /* Images.xcassets */ = {isa = PBXFileReference; lastKnownFileType = folder.assetcatalog; path = Images.xcassets; sourceTree = "<group>"; };
		5B4B1C3F182DB77900129790 /* yHackTests.xctest */ = {isa = PBXFileReference; explicitFileType = wrapper.cfbundle; includeInIndex = 0; path = yHackTests.xctest; sourceTree = BUILT_PRODUCTS_DIR; };
		5B4B1C40182DB77900129790 /* XCTest.framework */ = {isa = PBXFileReference; lastKnownFileType = wrapper.framework; name = XCTest.framework; path = Library/Frameworks/XCTest.framework; sourceTree = DEVELOPER_DIR; };
		5B4B1C48182DB77900129790 /* yHackTests-Info.plist */ = {isa = PBXFileReference; lastKnownFileType = text.plist.xml; path = "yHackTests-Info.plist"; sourceTree = "<group>"; };
		5B4B1C4A182DB77900129790 /* en */ = {isa = PBXFileReference; lastKnownFileType = text.plist.strings; name = en; path = en.lproj/InfoPlist.strings; sourceTree = "<group>"; };
		5B4B1C4C182DB77900129790 /* yHackTests.m */ = {isa = PBXFileReference; lastKnownFileType = sourcecode.c.objc; path = yHackTests.m; sourceTree = "<group>"; };
		5B518FCB182DBEF100D82D21 /* Game.h */ = {isa = PBXFileReference; fileEncoding = 4; lastKnownFileType = sourcecode.c.h; path = Game.h; sourceTree = "<group>"; };
		5B518FCC182DBEF100D82D21 /* Game.m */ = {isa = PBXFileReference; fileEncoding = 4; lastKnownFileType = sourcecode.c.objc; path = Game.m; sourceTree = "<group>"; };
		5B518FCE182DC2D000D82D21 /* Storyboard.storyboard */ = {isa = PBXFileReference; fileEncoding = 4; lastKnownFileType = file.storyboard; path = Storyboard.storyboard; sourceTree = "<group>"; };
		5B518FDA182DCB6200D82D21 /* Cell.h */ = {isa = PBXFileReference; fileEncoding = 4; lastKnownFileType = sourcecode.c.h; path = Cell.h; sourceTree = "<group>"; };
		5B518FDB182DCB6200D82D21 /* Cell.m */ = {isa = PBXFileReference; fileEncoding = 4; lastKnownFileType = sourcecode.c.objc; path = Cell.m; sourceTree = "<group>"; };
		5BE4C53F182DEE3D00676742 /* glyphicons_011_camera.png */ = {isa = PBXFileReference; lastKnownFileType = image.png; name = glyphicons_011_camera.png; path = ../yHack/glyphicons_011_camera.png; sourceTree = "<group>"; };
		5BE4C542182DF78200676742 /* BoardViewController.h */ = {isa = PBXFileReference; fileEncoding = 4; lastKnownFileType = sourcecode.c.h; path = BoardViewController.h; sourceTree = "<group>"; };
		5BE4C543182DF78200676742 /* BoardViewController.m */ = {isa = PBXFileReference; fileEncoding = 4; lastKnownFileType = sourcecode.c.objc; path = BoardViewController.m; sourceTree = "<group>"; };
		5BE4C545182E0ECD00676742 /* CellViewController.h */ = {isa = PBXFileReference; fileEncoding = 4; lastKnownFileType = sourcecode.c.h; path = CellViewController.h; sourceTree = "<group>"; };
		5BE4C546182E0ECD00676742 /* CellViewController.m */ = {isa = PBXFileReference; fileEncoding = 4; lastKnownFileType = sourcecode.c.objc; path = CellViewController.m; sourceTree = "<group>"; };
		BF78A09F182DC1B9000FDEFF /* Photo.h */ = {isa = PBXFileReference; fileEncoding = 4; lastKnownFileType = sourcecode.c.h; path = Photo.h; sourceTree = "<group>"; };
		BF78A0A0182DC1B9000FDEFF /* Photo.m */ = {isa = PBXFileReference; fileEncoding = 4; lastKnownFileType = sourcecode.c.objc; path = Photo.m; sourceTree = "<group>"; };
/* End PBXFileReference section */

/* Begin PBXFrameworksBuildPhase section */
		5B4B1C21182DB77900129790 /* Frameworks */ = {
			isa = PBXFrameworksBuildPhase;
			buildActionMask = 2147483647;
			files = (
				5B4B1C2A182DB77900129790 /* CoreGraphics.framework in Frameworks */,
				5B4B1C2C182DB77900129790 /* UIKit.framework in Frameworks */,
				5B4B1C28182DB77900129790 /* Foundation.framework in Frameworks */,
			);
			runOnlyForDeploymentPostprocessing = 0;
		};
		5B4B1C3C182DB77900129790 /* Frameworks */ = {
			isa = PBXFrameworksBuildPhase;
			buildActionMask = 2147483647;
			files = (
				5B4B1C41182DB77900129790 /* XCTest.framework in Frameworks */,
				5B4B1C43182DB77900129790 /* UIKit.framework in Frameworks */,
				5B4B1C42182DB77900129790 /* Foundation.framework in Frameworks */,
			);
			runOnlyForDeploymentPostprocessing = 0;
		};
/* End PBXFrameworksBuildPhase section */

/* Begin PBXGroup section */
		5B4B1C1B182DB77900129790 = {
			isa = PBXGroup;
			children = (
				5B4B1C2D182DB77900129790 /* yHack */,
				5B4B1C46182DB77900129790 /* yHackTests */,
				5B4B1C26182DB77900129790 /* Frameworks */,
				5B4B1C25182DB77900129790 /* Products */,
			);
			sourceTree = "<group>";
		};
		5B4B1C25182DB77900129790 /* Products */ = {
			isa = PBXGroup;
			children = (
				5B4B1C24182DB77900129790 /* yHack.app */,
				5B4B1C3F182DB77900129790 /* yHackTests.xctest */,
			);
			name = Products;
			sourceTree = "<group>";
		};
		5B4B1C26182DB77900129790 /* Frameworks */ = {
			isa = PBXGroup;
			children = (
				5B4B1C27182DB77900129790 /* Foundation.framework */,
				5B4B1C29182DB77900129790 /* CoreGraphics.framework */,
				5B4B1C2B182DB77900129790 /* UIKit.framework */,
				5B4B1C40182DB77900129790 /* XCTest.framework */,
			);
			name = Frameworks;
			sourceTree = "<group>";
		};
		5B4B1C2D182DB77900129790 /* yHack */ = {
			isa = PBXGroup;
			children = (
				5B4B1C36182DB77900129790 /* AppDelegate.h */,
				5B4B1C37182DB77900129790 /* AppDelegate.m */,
				5B4B1C39182DB77900129790 /* Images.xcassets */,
				5B4B1C2E182DB77900129790 /* Supporting Files */,
				5B518FCB182DBEF100D82D21 /* Game.h */,
				5B518FCC182DBEF100D82D21 /* Game.m */,
				BF78A09F182DC1B9000FDEFF /* Photo.h */,
				BF78A0A0182DC1B9000FDEFF /* Photo.m */,
				5B518FDA182DCB6200D82D21 /* Cell.h */,
				5B518FDB182DCB6200D82D21 /* Cell.m */,
				5B518FE0182DD68700D82D21 /* Controllers */,
			);
			path = yHack;
			sourceTree = "<group>";
		};
		5B4B1C2E182DB77900129790 /* Supporting Files */ = {
			isa = PBXGroup;
			children = (
				5B4B1C2F182DB77900129790 /* yHack-Info.plist */,
				5B4B1C30182DB77900129790 /* InfoPlist.strings */,
				5B4B1C33182DB77900129790 /* main.m */,
				5B4B1C35182DB77900129790 /* yHack-Prefix.pch */,
			);
			name = "Supporting Files";
			sourceTree = "<group>";
		};
		5B4B1C46182DB77900129790 /* yHackTests */ = {
			isa = PBXGroup;
			children = (
				5B4B1C4C182DB77900129790 /* yHackTests.m */,
				5B4B1C47182DB77900129790 /* Supporting Files */,
			);
			path = yHackTests;
			sourceTree = "<group>";
		};
		5B4B1C47182DB77900129790 /* Supporting Files */ = {
			isa = PBXGroup;
			children = (
				5BE4C541182DEE4B00676742 /* Photos */,
				5B4B1C48182DB77900129790 /* yHackTests-Info.plist */,
				5B4B1C49182DB77900129790 /* InfoPlist.strings */,
			);
			name = "Supporting Files";
			sourceTree = "<group>";
		};
		5B518FE0182DD68700D82D21 /* Controllers */ = {
			isa = PBXGroup;
			children = (
				5B518FCE182DC2D000D82D21 /* Storyboard.storyboard */,
				5BE4C542182DF78200676742 /* BoardViewController.h */,
				5BE4C543182DF78200676742 /* BoardViewController.m */,
				5BE4C545182E0ECD00676742 /* CellViewController.h */,
				5BE4C546182E0ECD00676742 /* CellViewController.m */,
			);
			name = Controllers;
			sourceTree = "<group>";
		};
		5BE4C541182DEE4B00676742 /* Photos */ = {
			isa = PBXGroup;
			children = (
				5BE4C53F182DEE3D00676742 /* glyphicons_011_camera.png */,
			);
			name = Photos;
			sourceTree = "<group>";
		};
/* End PBXGroup section */

/* Begin PBXNativeTarget section */
		5B4B1C23182DB77900129790 /* yHack */ = {
			isa = PBXNativeTarget;
			buildConfigurationList = 5B4B1C50182DB77900129790 /* Build configuration list for PBXNativeTarget "yHack" */;
			buildPhases = (
				5B4B1C20182DB77900129790 /* Sources */,
				5B4B1C21182DB77900129790 /* Frameworks */,
				5B4B1C22182DB77900129790 /* Resources */,
			);
			buildRules = (
			);
			dependencies = (
			);
			name = yHack;
			productName = yHack;
			productReference = 5B4B1C24182DB77900129790 /* yHack.app */;
			productType = "com.apple.product-type.application";
		};
		5B4B1C3E182DB77900129790 /* yHackTests */ = {
			isa = PBXNativeTarget;
			buildConfigurationList = 5B4B1C53182DB77900129790 /* Build configuration list for PBXNativeTarget "yHackTests" */;
			buildPhases = (
				5B4B1C3B182DB77900129790 /* Sources */,
				5B4B1C3C182DB77900129790 /* Frameworks */,
				5B4B1C3D182DB77900129790 /* Resources */,
			);
			buildRules = (
			);
			dependencies = (
				5B4B1C45182DB77900129790 /* PBXTargetDependency */,
			);
			name = yHackTests;
			productName = yHackTests;
			productReference = 5B4B1C3F182DB77900129790 /* yHackTests.xctest */;
			productType = "com.apple.product-type.bundle.unit-test";
		};
/* End PBXNativeTarget section */

/* Begin PBXProject section */
		5B4B1C1C182DB77900129790 /* Project object */ = {
			isa = PBXProject;
			attributes = {
				LastUpgradeCheck = 0500;
				ORGANIZATIONNAME = bestteamever;
				TargetAttributes = {
					5B4B1C3E182DB77900129790 = {
						TestTargetID = 5B4B1C23182DB77900129790;
					};
				};
			};
			buildConfigurationList = 5B4B1C1F182DB77900129790 /* Build configuration list for PBXProject "yHack" */;
			compatibilityVersion = "Xcode 3.2";
			developmentRegion = English;
			hasScannedForEncodings = 0;
			knownRegions = (
				en,
			);
			mainGroup = 5B4B1C1B182DB77900129790;
			productRefGroup = 5B4B1C25182DB77900129790 /* Products */;
			projectDirPath = "";
			projectRoot = "";
			targets = (
				5B4B1C23182DB77900129790 /* yHack */,
				5B4B1C3E182DB77900129790 /* yHackTests */,
			);
		};
/* End PBXProject section */

/* Begin PBXResourcesBuildPhase section */
		5B4B1C22182DB77900129790 /* Resources */ = {
			isa = PBXResourcesBuildPhase;
			buildActionMask = 2147483647;
			files = (
				5B4B1C32182DB77900129790 /* InfoPlist.strings in Resources */,
				5BE4C540182DEE3D00676742 /* glyphicons_011_camera.png in Resources */,
				5B4B1C3A182DB77900129790 /* Images.xcassets in Resources */,
				5B518FCF182DC2D000D82D21 /* Storyboard.storyboard in Resources */,
			);
			runOnlyForDeploymentPostprocessing = 0;
		};
		5B4B1C3D182DB77900129790 /* Resources */ = {
			isa = PBXResourcesBuildPhase;
			buildActionMask = 2147483647;
			files = (
				5B4B1C4B182DB77900129790 /* InfoPlist.strings in Resources */,
			);
			runOnlyForDeploymentPostprocessing = 0;
		};
/* End PBXResourcesBuildPhase section */

/* Begin PBXSourcesBuildPhase section */
		5B4B1C20182DB77900129790 /* Sources */ = {
			isa = PBXSourcesBuildPhase;
			buildActionMask = 2147483647;
			files = (
				5BE4C544182DF78200676742 /* BoardViewController.m in Sources */,
				5B518FCD182DBEF100D82D21 /* Game.m in Sources */,
				5B4B1C38182DB77900129790 /* AppDelegate.m in Sources */,
				5BE4C547182E0ECD00676742 /* CellViewController.m in Sources */,
				BF78A0A1182DC1B9000FDEFF /* Photo.m in Sources */,
				BF78A0A7182DC2E0000FDEFF /* Player.m in Sources */,
				5B4B1C34182DB77900129790 /* main.m in Sources */,
				5B518FDC182DCB6200D82D21 /* Cell.m in Sources */,
			);
			runOnlyForDeploymentPostprocessing = 0;
		};
		5B4B1C3B182DB77900129790 /* Sources */ = {
			isa = PBXSourcesBuildPhase;
			buildActionMask = 2147483647;
			files = (
				5B4B1C4D182DB77900129790 /* yHackTests.m in Sources */,
			);
			runOnlyForDeploymentPostprocessing = 0;
		};
/* End PBXSourcesBuildPhase section */

/* Begin PBXTargetDependency section */
		5B4B1C45182DB77900129790 /* PBXTargetDependency */ = {
			isa = PBXTargetDependency;
			target = 5B4B1C23182DB77900129790 /* yHack */;
			targetProxy = 5B4B1C44182DB77900129790 /* PBXContainerItemProxy */;
		};
/* End PBXTargetDependency section */

/* Begin PBXVariantGroup section */
		5B4B1C30182DB77900129790 /* InfoPlist.strings */ = {
			isa = PBXVariantGroup;
			children = (
				5B4B1C31182DB77900129790 /* en */,
			);
			name = InfoPlist.strings;
			sourceTree = "<group>";
		};
		5B4B1C49182DB77900129790 /* InfoPlist.strings */ = {
			isa = PBXVariantGroup;
			children = (
				5B4B1C4A182DB77900129790 /* en */,
			);
			name = InfoPlist.strings;
			sourceTree = "<group>";
		};
/* End PBXVariantGroup section */

/* Begin XCBuildConfiguration section */
		5B4B1C4E182DB77900129790 /* Debug */ = {
			isa = XCBuildConfiguration;
			buildSettings = {
				ALWAYS_SEARCH_USER_PATHS = NO;
				ARCHS = "$(ARCHS_STANDARD_INCLUDING_64_BIT)";
				CLANG_CXX_LANGUAGE_STANDARD = "gnu++0x";
				CLANG_CXX_LIBRARY = "libc++";
				CLANG_ENABLE_MODULES = YES;
				CLANG_ENABLE_OBJC_ARC = YES;
				CLANG_WARN_BOOL_CONVERSION = YES;
				CLANG_WARN_CONSTANT_CONVERSION = YES;
				CLANG_WARN_DIRECT_OBJC_ISA_USAGE = YES_ERROR;
				CLANG_WARN_EMPTY_BODY = YES;
				CLANG_WARN_ENUM_CONVERSION = YES;
				CLANG_WARN_INT_CONVERSION = YES;
				CLANG_WARN_OBJC_ROOT_CLASS = YES_ERROR;
				CLANG_WARN__DUPLICATE_METHOD_MATCH = YES;
				"CODE_SIGN_IDENTITY[sdk=iphoneos*]" = "iPhone Developer";
				COPY_PHASE_STRIP = NO;
				GCC_C_LANGUAGE_STANDARD = gnu99;
				GCC_DYNAMIC_NO_PIC = NO;
				GCC_OPTIMIZATION_LEVEL = 0;
				GCC_PREPROCESSOR_DEFINITIONS = (
					"DEBUG=1",
					"$(inherited)",
				);
				GCC_SYMBOLS_PRIVATE_EXTERN = NO;
				GCC_WARN_64_TO_32_BIT_CONVERSION = YES;
				GCC_WARN_ABOUT_RETURN_TYPE = YES_ERROR;
				GCC_WARN_UNDECLARED_SELECTOR = YES;
				GCC_WARN_UNINITIALIZED_AUTOS = YES;
				GCC_WARN_UNUSED_FUNCTION = YES;
				GCC_WARN_UNUSED_VARIABLE = YES;
				IPHONEOS_DEPLOYMENT_TARGET = 7.0;
				ONLY_ACTIVE_ARCH = YES;
				SDKROOT = iphoneos;
			};
			name = Debug;
		};
		5B4B1C4F182DB77900129790 /* Release */ = {
			isa = XCBuildConfiguration;
			buildSettings = {
				ALWAYS_SEARCH_USER_PATHS = NO;
				ARCHS = "$(ARCHS_STANDARD_INCLUDING_64_BIT)";
				CLANG_CXX_LANGUAGE_STANDARD = "gnu++0x";
				CLANG_CXX_LIBRARY = "libc++";
				CLANG_ENABLE_MODULES = YES;
				CLANG_ENABLE_OBJC_ARC = YES;
				CLANG_WARN_BOOL_CONVERSION = YES;
				CLANG_WARN_CONSTANT_CONVERSION = YES;
				CLANG_WARN_DIRECT_OBJC_ISA_USAGE = YES_ERROR;
				CLANG_WARN_EMPTY_BODY = YES;
				CLANG_WARN_ENUM_CONVERSION = YES;
				CLANG_WARN_INT_CONVERSION = YES;
				CLANG_WARN_OBJC_ROOT_CLASS = YES_ERROR;
				CLANG_WARN__DUPLICATE_METHOD_MATCH = YES;
				"CODE_SIGN_IDENTITY[sdk=iphoneos*]" = "iPhone Developer";
				COPY_PHASE_STRIP = YES;
				ENABLE_NS_ASSERTIONS = NO;
				GCC_C_LANGUAGE_STANDARD = gnu99;
				GCC_WARN_64_TO_32_BIT_CONVERSION = YES;
				GCC_WARN_ABOUT_RETURN_TYPE = YES_ERROR;
				GCC_WARN_UNDECLARED_SELECTOR = YES;
				GCC_WARN_UNINITIALIZED_AUTOS = YES;
				GCC_WARN_UNUSED_FUNCTION = YES;
				GCC_WARN_UNUSED_VARIABLE = YES;
				IPHONEOS_DEPLOYMENT_TARGET = 7.0;
				SDKROOT = iphoneos;
				VALIDATE_PRODUCT = YES;
			};
			name = Release;
		};
		5B4B1C51182DB77900129790 /* Debug */ = {
			isa = XCBuildConfiguration;
			buildSettings = {
				ASSETCATALOG_COMPILER_APPICON_NAME = AppIcon;
				ASSETCATALOG_COMPILER_LAUNCHIMAGE_NAME = LaunchImage;
				GCC_PRECOMPILE_PREFIX_HEADER = YES;
				GCC_PREFIX_HEADER = "yHack/yHack-Prefix.pch";
				INFOPLIST_FILE = "yHack/yHack-Info.plist";
				PRODUCT_NAME = "$(TARGET_NAME)";
				WRAPPER_EXTENSION = app;
			};
			name = Debug;
		};
		5B4B1C52182DB77900129790 /* Release */ = {
			isa = XCBuildConfiguration;
			buildSettings = {
				ASSETCATALOG_COMPILER_APPICON_NAME = AppIcon;
				ASSETCATALOG_COMPILER_LAUNCHIMAGE_NAME = LaunchImage;
				GCC_PRECOMPILE_PREFIX_HEADER = YES;
				GCC_PREFIX_HEADER = "yHack/yHack-Prefix.pch";
				INFOPLIST_FILE = "yHack/yHack-Info.plist";
				PRODUCT_NAME = "$(TARGET_NAME)";
				WRAPPER_EXTENSION = app;
			};
			name = Release;
		};
		5B4B1C54182DB77900129790 /* Debug */ = {
			isa = XCBuildConfiguration;
			buildSettings = {
				ARCHS = "$(ARCHS_STANDARD_INCLUDING_64_BIT)";
				BUNDLE_LOADER = "$(BUILT_PRODUCTS_DIR)/yHack.app/yHack";
				FRAMEWORK_SEARCH_PATHS = (
					"$(SDKROOT)/Developer/Library/Frameworks",
					"$(inherited)",
					"$(DEVELOPER_FRAMEWORKS_DIR)",
				);
				GCC_PRECOMPILE_PREFIX_HEADER = YES;
				GCC_PREFIX_HEADER = "yHack/yHack-Prefix.pch";
				GCC_PREPROCESSOR_DEFINITIONS = (
					"DEBUG=1",
					"$(inherited)",
				);
				INFOPLIST_FILE = "yHackTests/yHackTests-Info.plist";
				PRODUCT_NAME = "$(TARGET_NAME)";
				TEST_HOST = "$(BUNDLE_LOADER)";
				WRAPPER_EXTENSION = xctest;
			};
			name = Debug;
		};
		5B4B1C55182DB77900129790 /* Release */ = {
			isa = XCBuildConfiguration;
			buildSettings = {
				ARCHS = "$(ARCHS_STANDARD_INCLUDING_64_BIT)";
				BUNDLE_LOADER = "$(BUILT_PRODUCTS_DIR)/yHack.app/yHack";
				FRAMEWORK_SEARCH_PATHS = (
					"$(SDKROOT)/Developer/Library/Frameworks",
					"$(inherited)",
					"$(DEVELOPER_FRAMEWORKS_DIR)",
				);
				GCC_PRECOMPILE_PREFIX_HEADER = YES;
				GCC_PREFIX_HEADER = "yHack/yHack-Prefix.pch";
				INFOPLIST_FILE = "yHackTests/yHackTests-Info.plist";
				PRODUCT_NAME = "$(TARGET_NAME)";
				TEST_HOST = "$(BUNDLE_LOADER)";
				WRAPPER_EXTENSION = xctest;
			};
			name = Release;
		};
/* End XCBuildConfiguration section */

/* Begin XCConfigurationList section */
		5B4B1C1F182DB77900129790 /* Build configuration list for PBXProject "yHack" */ = {
			isa = XCConfigurationList;
			buildConfigurations = (
				5B4B1C4E182DB77900129790 /* Debug */,
				5B4B1C4F182DB77900129790 /* Release */,
			);
			defaultConfigurationIsVisible = 0;
			defaultConfigurationName = Release;
		};
		5B4B1C50182DB77900129790 /* Build configuration list for PBXNativeTarget "yHack" */ = {
			isa = XCConfigurationList;
			buildConfigurations = (
				5B4B1C51182DB77900129790 /* Debug */,
				5B4B1C52182DB77900129790 /* Release */,
			);
			defaultConfigurationIsVisible = 0;
			defaultConfigurationName = Release;
		};
		5B4B1C53182DB77900129790 /* Build configuration list for PBXNativeTarget "yHackTests" */ = {
			isa = XCConfigurationList;
			buildConfigurations = (
				5B4B1C54182DB77900129790 /* Debug */,
				5B4B1C55182DB77900129790 /* Release */,
			);
			defaultConfigurationIsVisible = 0;
			defaultConfigurationName = Release;
		};
/* End XCConfigurationList section */
	};
	rootObject = 5B4B1C1C182DB77900129790 /* Project object */;
}
